// !$*UTF8*$!
{
	archiveVersion = 1;
	classes = {
	};
	objectVersion = 50;
	objects = {

/* Begin PBXBuildFile section */
		D50BD25922B57D0900C16077 /* ExpensesViewController.swift in Sources */ = {isa = PBXBuildFile; fileRef = D50BD25822B57D0900C16077 /* ExpensesViewController.swift */; };
		D50BD25B22B58B1F00C16077 /* ExpensesTableViewCell.swift in Sources */ = {isa = PBXBuildFile; fileRef = D50BD25A22B58B1F00C16077 /* ExpensesTableViewCell.swift */; };
		D55DD41922B574A000A9C282 /* AppDelegate.swift in Sources */ = {isa = PBXBuildFile; fileRef = D55DD41822B574A000A9C282 /* AppDelegate.swift */; };
		D55DD41E22B574A000A9C282 /* Main.storyboard in Resources */ = {isa = PBXBuildFile; fileRef = D55DD41C22B574A000A9C282 /* Main.storyboard */; };
		D55DD42122B574A000A9C282 /* Expenses.xcdatamodeld in Sources */ = {isa = PBXBuildFile; fileRef = D55DD41F22B574A000A9C282 /* Expenses.xcdatamodeld */; };
		D55DD42322B574A000A9C282 /* Assets.xcassets in Resources */ = {isa = PBXBuildFile; fileRef = D55DD42222B574A000A9C282 /* Assets.xcassets */; };
		D55DD42622B574A000A9C282 /* LaunchScreen.storyboard in Resources */ = {isa = PBXBuildFile; fileRef = D55DD42422B574A000A9C282 /* LaunchScreen.storyboard */; };
		D55DD43122B574A000A9C282 /* ExpensesUITests.swift in Sources */ = {isa = PBXBuildFile; fileRef = D55DD43022B574A000A9C282 /* ExpensesUITests.swift */; };
/* End PBXBuildFile section */

/* Begin PBXContainerItemProxy section */
		D55DD42D22B574A000A9C282 /* PBXContainerItemProxy */ = {
			isa = PBXContainerItemProxy;
			containerPortal = D55DD40D22B574A000A9C282 /* Project object */;
			proxyType = 1;
			remoteGlobalIDString = D55DD41422B574A000A9C282;
			remoteInfo = Expenses;
		};
/* End PBXContainerItemProxy section */

/* Begin PBXFileReference section */
		D50BD25822B57D0900C16077 /* ExpensesViewController.swift */ = {isa = PBXFileReference; lastKnownFileType = sourcecode.swift; path = ExpensesViewController.swift; sourceTree = "<group>"; };
		D50BD25A22B58B1F00C16077 /* ExpensesTableViewCell.swift */ = {isa = PBXFileReference; lastKnownFileType = sourcecode.swift; path = ExpensesTableViewCell.swift; sourceTree = "<group>"; };
		D55DD41522B574A000A9C282 /* Expenses.app */ = {isa = PBXFileReference; explicitFileType = wrapper.application; includeInIndex = 0; path = Expenses.app; sourceTree = BUILT_PRODUCTS_DIR; };
		D55DD41822B574A000A9C282 /* AppDelegate.swift */ = {isa = PBXFileReference; lastKnownFileType = sourcecode.swift; path = AppDelegate.swift; sourceTree = "<group>"; };
		D55DD41D22B574A000A9C282 /* Base */ = {isa = PBXFileReference; lastKnownFileType = file.storyboard; name = Base; path = Base.lproj/Main.storyboard; sourceTree = "<group>"; };
		D55DD42022B574A000A9C282 /* Expenses.xcdatamodel */ = {isa = PBXFileReference; lastKnownFileType = wrapper.xcdatamodel; path = Expenses.xcdatamodel; sourceTree = "<group>"; };
		D55DD42222B574A000A9C282 /* Assets.xcassets */ = {isa = PBXFileReference; lastKnownFileType = folder.assetcatalog; path = Assets.xcassets; sourceTree = "<group>"; };
		D55DD42522B574A000A9C282 /* Base */ = {isa = PBXFileReference; lastKnownFileType = file.storyboard; name = Base; path = Base.lproj/LaunchScreen.storyboard; sourceTree = "<group>"; };
		D55DD42722B574A000A9C282 /* Info.plist */ = {isa = PBXFileReference; lastKnownFileType = text.plist.xml; path = Info.plist; sourceTree = "<group>"; };
		D55DD42C22B574A000A9C282 /* ExpensesUITests.xctest */ = {isa = PBXFileReference; explicitFileType = wrapper.cfbundle; includeInIndex = 0; path = ExpensesUITests.xctest; sourceTree = BUILT_PRODUCTS_DIR; };
		D55DD43022B574A000A9C282 /* ExpensesUITests.swift */ = {isa = PBXFileReference; lastKnownFileType = sourcecode.swift; path = ExpensesUITests.swift; sourceTree = "<group>"; };
		D55DD43222B574A000A9C282 /* Info.plist */ = {isa = PBXFileReference; lastKnownFileType = text.plist.xml; path = Info.plist; sourceTree = "<group>"; };
/* End PBXFileReference section */

/* Begin PBXFrameworksBuildPhase section */
		D55DD41222B574A000A9C282 /* Frameworks */ = {
			isa = PBXFrameworksBuildPhase;
			buildActionMask = 2147483647;
			files = (
			);
			runOnlyForDeploymentPostprocessing = 0;
		};
		D55DD42922B574A000A9C282 /* Frameworks */ = {
			isa = PBXFrameworksBuildPhase;
			buildActionMask = 2147483647;
			files = (
			);
			runOnlyForDeploymentPostprocessing = 0;
		};
/* End PBXFrameworksBuildPhase section */

/* Begin PBXGroup section */
		D55DD40C22B574A000A9C282 = {
			isa = PBXGroup;
			children = (
				D55DD41722B574A000A9C282 /* Expenses */,
				D55DD42F22B574A000A9C282 /* ExpensesUITests */,
				D55DD41622B574A000A9C282 /* Products */,
			);
			sourceTree = "<group>";
		};
		D55DD41622B574A000A9C282 /* Products */ = {
			isa = PBXGroup;
			children = (
				D55DD41522B574A000A9C282 /* Expenses.app */,
				D55DD42C22B574A000A9C282 /* ExpensesUITests.xctest */,
			);
			name = Products;
			sourceTree = "<group>";
		};
		D55DD41722B574A000A9C282 /* Expenses */ = {
			isa = PBXGroup;
			children = (
				D55DD41822B574A000A9C282 /* AppDelegate.swift */,
				D55DD41C22B574A000A9C282 /* Main.storyboard */,
				D55DD42222B574A000A9C282 /* Assets.xcassets */,
				D55DD42422B574A000A9C282 /* LaunchScreen.storyboard */,
				D55DD42722B574A000A9C282 /* Info.plist */,
				D55DD41F22B574A000A9C282 /* Expenses.xcdatamodeld */,
				D50BD25822B57D0900C16077 /* ExpensesViewController.swift */,
				D50BD25A22B58B1F00C16077 /* ExpensesTableViewCell.swift */,
			);
			path = Expenses;
			sourceTree = "<group>";
		};
		D55DD42F22B574A000A9C282 /* ExpensesUITests */ = {
			isa = PBXGroup;
			children = (
				D55DD43022B574A000A9C282 /* ExpensesUITests.swift */,
				D55DD43222B574A000A9C282 /* Info.plist */,
			);
			path = ExpensesUITests;
			sourceTree = "<group>";
		};
/* End PBXGroup section */

/* Begin PBXNativeTarget section */
		D55DD41422B574A000A9C282 /* Expenses */ = {
			isa = PBXNativeTarget;
			buildConfigurationList = D55DD43522B574A000A9C282 /* Build configuration list for PBXNativeTarget "Expenses" */;
			buildPhases = (
				D55DD41122B574A000A9C282 /* Sources */,
				D55DD41222B574A000A9C282 /* Frameworks */,
				D55DD41322B574A000A9C282 /* Resources */,
			);
			buildRules = (
			);
			dependencies = (
			);
			name = Expenses;
			productName = Expenses;
			productReference = D55DD41522B574A000A9C282 /* Expenses.app */;
			productType = "com.apple.product-type.application";
		};
		D55DD42B22B574A000A9C282 /* ExpensesUITests */ = {
			isa = PBXNativeTarget;
			buildConfigurationList = D55DD43822B574A000A9C282 /* Build configuration list for PBXNativeTarget "ExpensesUITests" */;
			buildPhases = (
				D55DD42822B574A000A9C282 /* Sources */,
				D55DD42922B574A000A9C282 /* Frameworks */,
				D55DD42A22B574A000A9C282 /* Resources */,
			);
			buildRules = (
			);
			dependencies = (
				D55DD42E22B574A000A9C282 /* PBXTargetDependency */,
			);
			name = ExpensesUITests;
			productName = ExpensesUITests;
			productReference = D55DD42C22B574A000A9C282 /* ExpensesUITests.xctest */;
			productType = "com.apple.product-type.bundle.ui-testing";
		};
/* End PBXNativeTarget section */

/* Begin PBXProject section */
		D55DD40D22B574A000A9C282 /* Project object */ = {
			isa = PBXProject;
			attributes = {
				LastSwiftUpdateCheck = 1010;
				LastUpgradeCheck = 1010;
				ORGANIZATIONNAME = "Felipe Costa";
				TargetAttributes = {
					D55DD41422B574A000A9C282 = {
						CreatedOnToolsVersion = 10.1;
					};
					D55DD42B22B574A000A9C282 = {
						CreatedOnToolsVersion = 10.1;
						TestTargetID = D55DD41422B574A000A9C282;
					};
				};
			};
			buildConfigurationList = D55DD41022B574A000A9C282 /* Build configuration list for PBXProject "Expenses" */;
			compatibilityVersion = "Xcode 9.3";
			developmentRegion = en;
			hasScannedForEncodings = 0;
			knownRegions = (
				en,
				Base,
			);
			mainGroup = D55DD40C22B574A000A9C282;
			productRefGroup = D55DD41622B574A000A9C282 /* Products */;
			projectDirPath = "";
			projectRoot = "";
			targets = (
				D55DD41422B574A000A9C282 /* Expenses */,
				D55DD42B22B574A000A9C282 /* ExpensesUITests */,
			);
		};
/* End PBXProject section */

/* Begin PBXResourcesBuildPhase section */
		D55DD41322B574A000A9C282 /* Resources */ = {
			isa = PBXResourcesBuildPhase;
			buildActionMask = 2147483647;
			files = (
				D55DD42622B574A000A9C282 /* LaunchScreen.storyboard in Resources */,
				D55DD42322B574A000A9C282 /* Assets.xcassets in Resources */,
				D55DD41E22B574A000A9C282 /* Main.storyboard in Resources */,
			);
			runOnlyForDeploymentPostprocessing = 0;
		};
		D55DD42A22B574A000A9C282 /* Resources */ = {
			isa = PBXResourcesBuildPhase;
			buildActionMask = 2147483647;
			files = (
			);
			runOnlyForDeploymentPostprocessing = 0;
		};
/* End PBXResourcesBuildPhase section */

/* Begin PBXSourcesBuildPhase section */
		D55DD41122B574A000A9C282 /* Sources */ = {
			isa = PBXSourcesBuildPhase;
			buildActionMask = 2147483647;
			files = (
				D50BD25B22B58B1F00C16077 /* ExpensesTableViewCell.swift in Sources */,
				D55DD42122B574A000A9C282 /* Expenses.xcdatamodeld in Sources */,
				D55DD41922B574A000A9C282 /* AppDelegate.swift in Sources */,
				D50BD25922B57D0900C16077 /* ExpensesViewController.swift in Sources */,
			);
			runOnlyForDeploymentPostprocessing = 0;
		};
		D55DD42822B574A000A9C282 /* Sources */ = {
			isa = PBXSourcesBuildPhase;
			buildActionMask = 2147483647;
			files = (
				D55DD43122B574A000A9C282 /* ExpensesUITests.swift in Sources */,
			);
			runOnlyForDeploymentPostprocessing = 0;
		};
/* End PBXSourcesBuildPhase section */

/* Begin PBXTargetDependency section */
		D55DD42E22B574A000A9C282 /* PBXTargetDependency */ = {
			isa = PBXTargetDependency;
			target = D55DD41422B574A000A9C282 /* Expenses */;
			targetProxy = D55DD42D22B574A000A9C282 /* PBXContainerItemProxy */;
		};
/* End PBXTargetDependency section */

/* Begin PBXVariantGroup section */
		D55DD41C22B574A000A9C282 /* Main.storyboard */ = {
			isa = PBXVariantGroup;
			children = (
				D55DD41D22B574A000A9C282 /* Base */,
			);
			name = Main.storyboard;
			sourceTree = "<group>";
		};
		D55DD42422B574A000A9C282 /* LaunchScreen.storyboard */ = {
			isa = PBXVariantGroup;
			children = (
				D55DD42522B574A000A9C282 /* Base */,
			);
			name = LaunchScreen.storyboard;
			sourceTree = "<group>";
		};
/* End PBXVariantGroup section */

/* Begin XCBuildConfiguration section */
		D55DD43322B574A000A9C282 /* Debug */ = {
			isa = XCBuildConfiguration;
			buildSettings = {
				ALWAYS_SEARCH_USER_PATHS = NO;
				CLANG_ANALYZER_NONNULL = YES;
				CLANG_ANALYZER_NUMBER_OBJECT_CONVERSION = YES_AGGRESSIVE;
				CLANG_CXX_LANGUAGE_STANDARD = "gnu++14";
				CLANG_CXX_LIBRARY = "libc++";
				CLANG_ENABLE_MODULES = YES;
				CLANG_ENABLE_OBJC_ARC = YES;
				CLANG_ENABLE_OBJC_WEAK = YES;
				CLANG_WARN_BLOCK_CAPTURE_AUTORELEASING = YES;
				CLANG_WARN_BOOL_CONVERSION = YES;
				CLANG_WARN_COMMA = YES;
				CLANG_WARN_CONSTANT_CONVERSION = YES;
				CLANG_WARN_DEPRECATED_OBJC_IMPLEMENTATIONS = YES;
				CLANG_WARN_DIRECT_OBJC_ISA_USAGE = YES_ERROR;
				CLANG_WARN_DOCUMENTATION_COMMENTS = YES;
				CLANG_WARN_EMPTY_BODY = YES;
				CLANG_WARN_ENUM_CONVERSION = YES;
				CLANG_WARN_INFINITE_RECURSION = YES;
				CLANG_WARN_INT_CONVERSION = YES;
				CLANG_WARN_NON_LITERAL_NULL_CONVERSION = YES;
				CLANG_WARN_OBJC_IMPLICIT_RETAIN_SELF = YES;
				CLANG_WARN_OBJC_LITERAL_CONVERSION = YES;
				CLANG_WARN_OBJC_ROOT_CLASS = YES_ERROR;
				CLANG_WARN_RANGE_LOOP_ANALYSIS = YES;
				CLANG_WARN_STRICT_PROTOTYPES = YES;
				CLANG_WARN_SUSPICIOUS_MOVE = YES;
				CLANG_WARN_UNGUARDED_AVAILABILITY = YES_AGGRESSIVE;
				CLANG_WARN_UNREACHABLE_CODE = YES;
				CLANG_WARN__DUPLICATE_METHOD_MATCH = YES;
				CODE_SIGN_IDENTITY = "iPhone Developer";
				COPY_PHASE_STRIP = NO;
				DEBUG_INFORMATION_FORMAT = dwarf;
				ENABLE_STRICT_OBJC_MSGSEND = YES;
				ENABLE_TESTABILITY = YES;
				GCC_C_LANGUAGE_STANDARD = gnu11;
				GCC_DYNAMIC_NO_PIC = NO;
				GCC_NO_COMMON_BLOCKS = YES;
				GCC_OPTIMIZATION_LEVEL = 0;
				GCC_PREPROCESSOR_DEFINITIONS = (
					"DEBUG=1",
					"$(inherited)",
				);
				GCC_WARN_64_TO_32_BIT_CONVERSION = YES;
				GCC_WARN_ABOUT_RETURN_TYPE = YES_ERROR;
				GCC_WARN_UNDECLARED_SELECTOR = YES;
				GCC_WARN_UNINITIALIZED_AUTOS = YES_AGGRESSIVE;
				GCC_WARN_UNUSED_FUNCTION = YES;
				GCC_WARN_UNUSED_VARIABLE = YES;
				IPHONEOS_DEPLOYMENT_TARGET = 12.1;
				MTL_ENABLE_DEBUG_INFO = INCLUDE_SOURCE;
				MTL_FAST_MATH = YES;
				ONLY_ACTIVE_ARCH = YES;
				SDKROOT = iphoneos;
				SWIFT_ACTIVE_COMPILATION_CONDITIONS = DEBUG;
				SWIFT_OPTIMIZATION_LEVEL = "-Onone";
			};
			name = Debug;
		};
		D55DD43422B574A000A9C282 /* Release */ = {
			isa = XCBuildConfiguration;
			buildSettings = {
				ALWAYS_SEARCH_USER_PATHS = NO;
				CLANG_ANALYZER_NONNULL = YES;
				CLANG_ANALYZER_NUMBER_OBJECT_CONVERSION = YES_AGGRESSIVE;
				CLANG_CXX_LANGUAGE_STANDARD = "gnu++14";
				CLANG_CXX_LIBRARY = "libc++";
				CLANG_ENABLE_MODULES = YES;
				CLANG_ENABLE_OBJC_ARC = YES;
				CLANG_ENABLE_OBJC_WEAK = YES;
				CLANG_WARN_BLOCK_CAPTURE_AUTORELEASING = YES;
				CLANG_WARN_BOOL_CONVERSION = YES;
				CLANG_WARN_COMMA = YES;
				CLANG_WARN_CONSTANT_CONVERSION = YES;
				CLANG_WARN_DEPRECATED_OBJC_IMPLEMENTATIONS = YES;
				CLANG_WARN_DIRECT_OBJC_ISA_USAGE = YES_ERROR;
				CLANG_WARN_DOCUMENTATION_COMMENTS = YES;
				CLANG_WARN_EMPTY_BODY = YES;
				CLANG_WARN_ENUM_CONVERSION = YES;
				CLANG_WARN_INFINITE_RECURSION = YES;
				CLANG_WARN_INT_CONVERSION = YES;
				CLANG_WARN_NON_LITERAL_NULL_CONVERSION = YES;
				CLANG_WARN_OBJC_IMPLICIT_RETAIN_SELF = YES;
				CLANG_WARN_OBJC_LITERAL_CONVERSION = YES;
				CLANG_WARN_OBJC_ROOT_CLASS = YES_ERROR;
				CLANG_WARN_RANGE_LOOP_ANALYSIS = YES;
				CLANG_WARN_STRICT_PROTOTYPES = YES;
				CLANG_WARN_SUSPICIOUS_MOVE = YES;
				CLANG_WARN_UNGUARDED_AVAILABILITY = YES_AGGRESSIVE;
				CLANG_WARN_UNREACHABLE_CODE = YES;
				CLANG_WARN__DUPLICATE_METHOD_MATCH = YES;
				CODE_SIGN_IDENTITY = "iPhone Developer";
				COPY_PHASE_STRIP = NO;
				DEBUG_INFORMATION_FORMAT = "dwarf-with-dsym";
				ENABLE_NS_ASSERTIONS = NO;
				ENABLE_STRICT_OBJC_MSGSEND = YES;
				GCC_C_LANGUAGE_STANDARD = gnu11;
				GCC_NO_COMMON_BLOCKS = YES;
				GCC_WARN_64_TO_32_BIT_CONVERSION = YES;
				GCC_WARN_ABOUT_RETURN_TYPE = YES_ERROR;
				GCC_WARN_UNDECLARED_SELECTOR = YES;
				GCC_WARN_UNINITIALIZED_AUTOS = YES_AGGRESSIVE;
				GCC_WARN_UNUSED_FUNCTION = YES;
				GCC_WARN_UNUSED_VARIABLE = YES;
				IPHONEOS_DEPLOYMENT_TARGET = 12.1;
				MTL_ENABLE_DEBUG_INFO = NO;
				MTL_FAST_MATH = YES;
				SDKROOT = iphoneos;
				SWIFT_COMPILATION_MODE = wholemodule;
				SWIFT_OPTIMIZATION_LEVEL = "-O";
				VALIDATE_PRODUCT = YES;
			};
			name = Release;
		};
		D55DD43622B574A000A9C282 /* Debug */ = {
			isa = XCBuildConfiguration;
			buildSettings = {
				ASSETCATALOG_COMPILER_APPICON_NAME = AppIcon;
				CODE_SIGN_STYLE = Automatic;
				DEVELOPMENT_TEAM = 67M3TUBYTU;
				INFOPLIST_FILE = Expenses/Info.plist;
				LD_RUNPATH_SEARCH_PATHS = (
					"$(inherited)",
					"@executable_path/Frameworks",
				);
				PRODUCT_BUNDLE_IDENTIFIER = fvc2m9.mizzou.Expenses;
				PRODUCT_NAME = "$(TARGET_NAME)";
				SWIFT_VERSION = 4.2;
				TARGETED_DEVICE_FAMILY = "1,2";
			};
			name = Debug;
		};
		D55DD43722B574A000A9C282 /* Release */ = {
			isa = XCBuildConfiguration;
			buildSettings = {
				ASSETCATALOG_COMPILER_APPICON_NAME = AppIcon;
				CODE_SIGN_STYLE = Automatic;
				DEVELOPMENT_TEAM = 67M3TUBYTU;
				INFOPLIST_FILE = Expenses/Info.plist;
				LD_RUNPATH_SEARCH_PATHS = (
					"$(inherited)",
					"@executable_path/Frameworks",
				);
				PRODUCT_BUNDLE_IDENTIFIER = fvc2m9.mizzou.Expenses;
				PRODUCT_NAME = "$(TARGET_NAME)";
				SWIFT_VERSION = 4.2;
				TARGETED_DEVICE_FAMILY = "1,2";
			};
			name = Release;
		};
		D55DD43922B574A000A9C282 /* Debug */ = {
			isa = XCBuildConfiguration;
			buildSettings = {
				ALWAYS_EMBED_SWIFT_STANDARD_LIBRARIES = YES;
				CODE_SIGN_STYLE = Automatic;
				DEVELOPMENT_TEAM = 67M3TUBYTU;
				INFOPLIST_FILE = ExpensesUITests/Info.plist;
				LD_RUNPATH_SEARCH_PATHS = (
					"$(inherited)",
					"@executable_path/Frameworks",
					"@loader_path/Frameworks",
				);
				PRODUCT_BUNDLE_IDENTIFIER = fvc2m9.mizzou.ExpensesUITests;
				PRODUCT_NAME = "$(TARGET_NAME)";
				SWIFT_VERSION = 4.2;
				TARGETED_DEVICE_FAMILY = "1,2";
				TEST_TARGET_NAME = Expenses;
			};
			name = Debug;
		};
		D55DD43A22B574A000A9C282 /* Release */ = {
			isa = XCBuildConfiguration;
			buildSettings = {
				ALWAYS_EMBED_SWIFT_STANDARD_LIBRARIES = YES;
				CODE_SIGN_STYLE = Automatic;
				DEVELOPMENT_TEAM = 67M3TUBYTU;
				INFOPLIST_FILE = ExpensesUITests/Info.plist;
				LD_RUNPATH_SEARCH_PATHS = (
					"$(inherited)",
					"@executable_path/Frameworks",
					"@loader_path/Frameworks",
				);
				PRODUCT_BUNDLE_IDENTIFIER = fvc2m9.mizzou.ExpensesUITests;
				PRODUCT_NAME = "$(TARGET_NAME)";
				SWIFT_VERSION = 4.2;
				TARGETED_DEVICE_FAMILY = "1,2";
				TEST_TARGET_NAME = Expenses;
			};
			name = Release;
		};
/* End XCBuildConfiguration section */

/* Begin XCConfigurationList section */
		D55DD41022B574A000A9C282 /* Build configuration list for PBXProject "Expenses" */ = {
			isa = XCConfigurationList;
			buildConfigurations = (
				D55DD43322B574A000A9C282 /* Debug */,
				D55DD43422B574A000A9C282 /* Release */,
			);
			defaultConfigurationIsVisible = 0;
			defaultConfigurationName = Release;
		};
		D55DD43522B574A000A9C282 /* Build configuration list for PBXNativeTarget "Expenses" */ = {
			isa = XCConfigurationList;
			buildConfigurations = (
				D55DD43622B574A000A9C282 /* Debug */,
				D55DD43722B574A000A9C282 /* Release */,
			);
			defaultConfigurationIsVisible = 0;
			defaultConfigurationName = Release;
		};
		D55DD43822B574A000A9C282 /* Build configuration list for PBXNativeTarget "ExpensesUITests" */ = {
			isa = XCConfigurationList;
			buildConfigurations = (
				D55DD43922B574A000A9C282 /* Debug */,
				D55DD43A22B574A000A9C282 /* Release */,
			);
			defaultConfigurationIsVisible = 0;
			defaultConfigurationName = Release;
		};
/* End XCConfigurationList section */

/* Begin XCVersionGroup section */
		D55DD41F22B574A000A9C282 /* Expenses.xcdatamodeld */ = {
			isa = XCVersionGroup;
			children = (
				D55DD42022B574A000A9C282 /* Expenses.xcdatamodel */,
			);
			currentVersion = D55DD42022B574A000A9C282 /* Expenses.xcdatamodel */;
			path = Expenses.xcdatamodeld;
			sourceTree = "<group>";
			versionGroupType = wrapper.xcdatamodel;
		};
/* End XCVersionGroup section */
	};
	rootObject = D55DD40D22B574A000A9C282 /* Project object */;
}
